
Microsoft Visual Studio Solution File, Format Version 12.00
# Visual Studio Version 17
VisualStudioVersion = 17.3.32825.248
MinimumVisualStudioVersion = 10.0.40219.1
Project("{FAE04EC0-301F-11D3-BF4B-00C04F79EFBC}") = "18.01", "18.01.csproj", "{A47EB451-1E59-4BCA-9939-4F2EEBDE571D}"
EndProject
Global
	GlobalSection(SolutionConfigurationPlatforms) = preSolution
		Debug|Any CPU = Debug|Any CPU
		Release|Any CPU = Release|Any CPU
	EndGlobalSection
	GlobalSection(ProjectConfigurationPlatforms) = postSolution
		{A47EB451-1E59-4BCA-9939-4F2EEBDE571D}.Debug|Any CPU.ActiveCfg = Debug|Any CPU
		{A47EB451-1E59-4BCA-9939-4F2EEBDE571D}.Debug|Any CPU.Build.0 = Debug|Any CPU
		{A47EB451-1E59-4BCA-9939-4F2EEBDE571D}.Release|Any CPU.ActiveCfg = Release|Any CPU
		{A47EB451-1E59-4BCA-9939-4F2EEBDE571D}.Release|Any CPU.Build.0 = Release|Any CPU
	EndGlobalSection
	GlobalSection(SolutionProperties) = preSolution
		HideSolutionNode = FALSE
	EndGlobalSection
	GlobalSection(ExtensibilityGlobals) = postSolution
		SolutionGuid = {DA86664A-5AE0-468F-AA00-546A77ACBD07}
	EndGlobalSection
EndGlobal
