
Microsoft Visual Studio Solution File, Format Version 12.00
# Visual Studio Version 17
VisualStudioVersion = 17.3.32825.248
MinimumVisualStudioVersion = 10.0.40219.1
Project("{FAE04EC0-301F-11D3-BF4B-00C04F79EFBC}") = "EFCodeFirst", "EFCodeFirst.csproj", "{58FF2064-C0EF-4782-B4AA-7A7C6309B437}"
EndProject
Global
	GlobalSection(SolutionConfigurationPlatforms) = preSolution
		Debug|Any CPU = Debug|Any CPU
		Release|Any CPU = Release|Any CPU
	EndGlobalSection
	GlobalSection(ProjectConfigurationPlatforms) = postSolution
		{58FF2064-C0EF-4782-B4AA-7A7C6309B437}.Debug|Any CPU.ActiveCfg = Debug|Any CPU
		{58FF2064-C0EF-4782-B4AA-7A7C6309B437}.Debug|Any CPU.Build.0 = Debug|Any CPU
		{58FF2064-C0EF-4782-B4AA-7A7C6309B437}.Release|Any CPU.ActiveCfg = Release|Any CPU
		{58FF2064-C0EF-4782-B4AA-7A7C6309B437}.Release|Any CPU.Build.0 = Release|Any CPU
	EndGlobalSection
	GlobalSection(SolutionProperties) = preSolution
		HideSolutionNode = FALSE
	EndGlobalSection
	GlobalSection(ExtensibilityGlobals) = postSolution
		SolutionGuid = {CAB1B731-989A-493C-B7C8-31B2E459E31E}
	EndGlobalSection
EndGlobal
